// !$*UTF8*$!
{
	archiveVersion = 1;
	classes = {
	};
	objectVersion = 56;
	objects = {

/* Begin PBXBuildFile section */
		3235CFD32F85163F00AF7615 /* main.cpp in Sources */ = {isa = PBXBuildFile; fileRef = 3235CFD22F85163F00AF7615 /* main.cpp */; };
		3235CFE22F85214200AF7615 /* FormulaNode.cpp in Sources */ = {isa = PBXBuildFile; fileRef = 3235CFE12F85214200AF7615 /* FormulaNode.cpp */; };
		3235CFE52F85217E00AF7615 /* FormulaPrinter.cpp in Sources */ = {isa = PBXBuildFile; fileRef = 3235CFE42F85217E00AF7615 /* FormulaPrinter.cpp */; };
		3235CFEA2F8521EE00AF7615 /* Lexer.cpp in Sources */ = {isa = PBXBuildFile; fileRef = 3235CFE92F8521EE00AF7615 /* Lexer.cpp */; };
		3235CFEE2F85222000AF7615 /* Parser.cpp in Sources */ = {isa = PBXBuildFile; fileRef = 3235CFEC2F85222000AF7615 /* Parser.cpp */; };
		3235CFFA2F877C6200AF7615 /* SignedFormula.cpp in Sources */ = {isa = PBXBuildFile; fileRef = 3235CFF92F877C6200AF7615 /* SignedFormula.cpp */; };
		3235CFFE2F877CAC00AF7615 /* RuleApplicationResult.cpp in Sources */ = {isa = PBXBuildFile; fileRef = 3235CFFC2F877CAC00AF7615 /* RuleApplicationResult.cpp */; };
		3235D0032F877D3600AF7615 /* Branch.cpp in Sources */ = {isa = PBXBuildFile; fileRef = 3235D0012F877D3600AF7615 /* Branch.cpp */; };
		3235D0072F877DB300AF7615 /* RuleEngine.cpp in Sources */ = {isa = PBXBuildFile; fileRef = 3235D0052F877DB300AF7615 /* RuleEngine.cpp */; };
		3235D00A2F877DFE00AF7615 /* SolveResult.cpp in Sources */ = {isa = PBXBuildFile; fileRef = 3235D0092F877DFE00AF7615 /* SolveResult.cpp */; };
		3235D00F2F877E6500AF7615 /* TableauSolver.cpp in Sources */ = {isa = PBXBuildFile; fileRef = 3235D00D2F877E6500AF7615 /* TableauSolver.cpp */; };
		3235D0122F87827200AF7615 /* FormulaVariableCollector.cpp in Sources */ = {isa = PBXBuildFile; fileRef = 3235D0112F87827200AF7615 /* FormulaVariableCollector.cpp */; };
		3235D0152F87838500AF7615 /* FormulaAnalyzer.cpp in Sources */ = {isa = PBXBuildFile; fileRef = 3235D0142F87838500AF7615 /* FormulaAnalyzer.cpp */; };
		3235D0182F99F1E900AF7615 /* AnalysisResult.cpp in Sources */ = {isa = PBXBuildFile; fileRef = 3235D0172F99F1E900AF7615 /* AnalysisResult.cpp */; };
/* End PBXBuildFile section */

/* Begin PBXCopyFilesBuildPhase section */
		3235CFCD2F85163E00AF7615 /* CopyFiles */ = {
			isa = PBXCopyFilesBuildPhase;
			buildActionMask = 2147483647;
			dstPath = /usr/share/man/man1/;
			dstSubfolderSpec = 0;
			files = (
			);
			runOnlyForDeploymentPostprocessing = 1;
		};
/* End PBXCopyFilesBuildPhase section */

/* Begin PBXFileReference section */
		3235CFCF2F85163E00AF7615 /* lois lab1 */ = {isa = PBXFileReference; explicitFileType = "compiled.mach-o.executable"; includeInIndex = 0; path = "lois lab1"; sourceTree = BUILT_PRODUCTS_DIR; };
		3235CFD22F85163F00AF7615 /* main.cpp */ = {isa = PBXFileReference; lastKnownFileType = sourcecode.cpp.cpp; path = main.cpp; sourceTree = "<group>"; };
		3235CFDF2F8520EF00AF7615 /* Token.h */ = {isa = PBXFileReference; lastKnownFileType = sourcecode.c.h; path = Token.h; sourceTree = "<group>"; };
		3235CFE02F85211100AF7615 /* FormulaNode.h */ = {isa = PBXFileReference; lastKnownFileType = sourcecode.c.h; path = FormulaNode.h; sourceTree = "<group>"; };
		3235CFE12F85214200AF7615 /* FormulaNode.cpp */ = {isa = PBXFileReference; lastKnownFileType = sourcecode.cpp.cpp; path = FormulaNode.cpp; sourceTree = "<group>"; };
		3235CFE32F85216100AF7615 /* FormulaPrinter.h */ = {isa = PBXFileReference; lastKnownFileType = sourcecode.c.h; path = FormulaPrinter.h; sourceTree = "<group>"; };
		3235CFE42F85217E00AF7615 /* FormulaPrinter.cpp */ = {isa = PBXFileReference; lastKnownFileType = sourcecode.cpp.cpp; path = FormulaPrinter.cpp; sourceTree = "<group>"; };
		3235CFE72F8521B000AF7615 /* Exceptions.h */ = {isa = PBXFileReference; lastKnownFileType = sourcecode.c.h; path = Exceptions.h; sourceTree = "<group>"; };
		3235CFE82F8521CF00AF7615 /* Lexer.h */ = {isa = PBXFileReference; lastKnownFileType = sourcecode.c.h; path = Lexer.h; sourceTree = "<group>"; };
		3235CFE92F8521EE00AF7615 /* Lexer.cpp */ = {isa = PBXFileReference; lastKnownFileType = sourcecode.cpp.cpp; path = Lexer.cpp; sourceTree = "<group>"; };
		3235CFEB2F85221200AF7615 /* Parser.h */ = {isa = PBXFileReference; lastKnownFileType = sourcecode.c.h; path = Parser.h; sourceTree = "<group>"; };
		3235CFEC2F85222000AF7615 /* Parser.cpp */ = {isa = PBXFileReference; lastKnownFileType = sourcecode.cpp.cpp; path = Parser.cpp; sourceTree = "<group>"; };
		3235CFF72F877BF600AF7615 /* TruthSign.h */ = {isa = PBXFileReference; lastKnownFileType = sourcecode.c.h; path = TruthSign.h; sourceTree = "<group>"; };
		3235CFF82F877C1800AF7615 /* SignedFormula.h */ = {isa = PBXFileReference; lastKnownFileType = sourcecode.c.h; path = SignedFormula.h; sourceTree = "<group>"; };
		3235CFF92F877C6200AF7615 /* SignedFormula.cpp */ = {isa = PBXFileReference; lastKnownFileType = sourcecode.cpp.cpp; path = SignedFormula.cpp; sourceTree = "<group>"; };
		3235CFFB2F877C8700AF7615 /* RuleApplicationResult.h */ = {isa = PBXFileReference; lastKnownFileType = sourcecode.c.h; path = RuleApplicationResult.h; sourceTree = "<group>"; };
		3235CFFC2F877CAC00AF7615 /* RuleApplicationResult.cpp */ = {isa = PBXFileReference; lastKnownFileType = sourcecode.cpp.cpp; path = RuleApplicationResult.cpp; sourceTree = "<group>"; };
		3235D0002F877CFE00AF7615 /* Branch.h */ = {isa = PBXFileReference; lastKnownFileType = sourcecode.c.h; path = Branch.h; sourceTree = "<group>"; };
		3235D0012F877D3600AF7615 /* Branch.cpp */ = {isa = PBXFileReference; lastKnownFileType = sourcecode.cpp.cpp; path = Branch.cpp; sourceTree = "<group>"; };
		3235D0042F877D7000AF7615 /* RuleEngine.h */ = {isa = PBXFileReference; lastKnownFileType = sourcecode.c.h; path = RuleEngine.h; sourceTree = "<group>"; };
		3235D0052F877DB300AF7615 /* RuleEngine.cpp */ = {isa = PBXFileReference; lastKnownFileType = sourcecode.cpp.cpp; path = RuleEngine.cpp; sourceTree = "<group>"; };
		3235D0082F877DD300AF7615 /* TableauStatus.h */ = {isa = PBXFileReference; lastKnownFileType = sourcecode.c.h; path = TableauStatus.h; sourceTree = "<group>"; };
		3235D0092F877DFE00AF7615 /* SolveResult.cpp */ = {isa = PBXFileReference; lastKnownFileType = sourcecode.cpp.cpp; path = SolveResult.cpp; sourceTree = "<group>"; };
		3235D00B2F877E0A00AF7615 /* SolveResult.h */ = {isa = PBXFileReference; lastKnownFileType = sourcecode.c.h; path = SolveResult.h; sourceTree = "<group>"; };
		3235D00C2F877E4200AF7615 /* TableauSolver.h */ = {isa = PBXFileReference; lastKnownFileType = sourcecode.c.h; path = TableauSolver.h; sourceTree = "<group>"; };
		3235D00D2F877E6500AF7615 /* TableauSolver.cpp */ = {isa = PBXFileReference; lastKnownFileType = sourcecode.cpp.cpp; path = TableauSolver.cpp; sourceTree = "<group>"; };
		3235D0102F87825000AF7615 /* FormulaVariableCollector.h */ = {isa = PBXFileReference; lastKnownFileType = sourcecode.c.h; path = FormulaVariableCollector.h; sourceTree = "<group>"; };
		3235D0112F87827200AF7615 /* FormulaVariableCollector.cpp */ = {isa = PBXFileReference; lastKnownFileType = sourcecode.cpp.cpp; path = FormulaVariableCollector.cpp; sourceTree = "<group>"; };
		3235D0132F87836A00AF7615 /* FormulaAnalyzer.h */ = {isa = PBXFileReference; lastKnownFileType = sourcecode.c.h; path = FormulaAnalyzer.h; sourceTree = "<group>"; };
		3235D0142F87838500AF7615 /* FormulaAnalyzer.cpp */ = {isa = PBXFileReference; lastKnownFileType = sourcecode.cpp.cpp; path = FormulaAnalyzer.cpp; sourceTree = "<group>"; };
		3235D0162F99F1C800AF7615 /* AnalysisResult.h */ = {isa = PBXFileReference; lastKnownFileType = sourcecode.c.h; path = AnalysisResult.h; sourceTree = "<group>"; };
		3235D0172F99F1E900AF7615 /* AnalysisResult.cpp */ = {isa = PBXFileReference; lastKnownFileType = sourcecode.cpp.cpp; path = AnalysisResult.cpp; sourceTree = "<group>"; };
/* End PBXFileReference section */

/* Begin PBXFrameworksBuildPhase section */
		3235CFCC2F85163E00AF7615 /* Frameworks */ = {
			isa = PBXFrameworksBuildPhase;
			buildActionMask = 2147483647;
			files = (
			);
			runOnlyForDeploymentPostprocessing = 0;
		};
/* End PBXFrameworksBuildPhase section */

/* Begin PBXGroup section */
		3235CFC62F85163E00AF7615 = {
			isa = PBXGroup;
			children = (
				3235CFD12F85163F00AF7615 /* lois lab1 */,
				3235CFD02F85163F00AF7615 /* Products */,
			);
			sourceTree = "<group>";
		};
		3235CFD02F85163F00AF7615 /* Products */ = {
			isa = PBXGroup;
			children = (
				3235CFCF2F85163E00AF7615 /* lois lab1 */,
			);
			name = Products;
			sourceTree = "<group>";
		};
		3235CFD12F85163F00AF7615 /* lois lab1 */ = {
			isa = PBXGroup;
			children = (
				3235CFF02F85257600AF7615 /* src */,
			);
			path = "lois lab1";
			sourceTree = "<group>";
		};
		3235CFDA2F85207A00AF7615 /* ast */ = {
			isa = PBXGroup;
			children = (
				3235CFE02F85211100AF7615 /* FormulaNode.h */,
				3235CFE32F85216100AF7615 /* FormulaPrinter.h */,
				3235D0102F87825000AF7615 /* FormulaVariableCollector.h */,
				3235CFE12F85214200AF7615 /* FormulaNode.cpp */,
				3235CFE42F85217E00AF7615 /* FormulaPrinter.cpp */,
				3235D0112F87827200AF7615 /* FormulaVariableCollector.cpp */,
			);
			path = ast;
			sourceTree = "<group>";
		};
		3235CFDD2F85209800AF7615 /* tableau */ = {
			isa = PBXGroup;
			children = (
				3235CFF72F877BF600AF7615 /* TruthSign.h */,
				3235CFF82F877C1800AF7615 /* SignedFormula.h */,
				3235CFFB2F877C8700AF7615 /* RuleApplicationResult.h */,
				3235D0002F877CFE00AF7615 /* Branch.h */,
				3235D0042F877D7000AF7615 /* RuleEngine.h */,
				3235D0082F877DD300AF7615 /* TableauStatus.h */,
				3235D00B2F877E0A00AF7615 /* SolveResult.h */,
				3235D00C2F877E4200AF7615 /* TableauSolver.h */,
				3235CFF92F877C6200AF7615 /* SignedFormula.cpp */,
				3235CFFC2F877CAC00AF7615 /* RuleApplicationResult.cpp */,
				3235D0012F877D3600AF7615 /* Branch.cpp */,
				3235D0052F877DB300AF7615 /* RuleEngine.cpp */,
				3235D0092F877DFE00AF7615 /* SolveResult.cpp */,
				3235D00D2F877E6500AF7615 /* TableauSolver.cpp */,
			);
			path = tableau;
			sourceTree = "<group>";
		};
		3235CFE62F8521A200AF7615 /* common */ = {
			isa = PBXGroup;
			children = (
				3235CFE72F8521B000AF7615 /* Exceptions.h */,
			);
			path = common;
			sourceTree = "<group>";
		};
		3235CFF02F85257600AF7615 /* src */ = {
			isa = PBXGroup;
			children = (
				3235CFD22F85163F00AF7615 /* main.cpp */,
				3235CFF62F85267700AF7615 /* app */,
				3235CFDA2F85207A00AF7615 /* ast */,
				3235CFF42F85260E00AF7615 /* lexer */,
				3235CFF52F85262C00AF7615 /* parser */,
				3235CFDD2F85209800AF7615 /* tableau */,
				3235CFE62F8521A200AF7615 /* common */,
			);
			path = src;
			sourceTree = "<group>";
		};
		3235CFF42F85260E00AF7615 /* lexer */ = {
			isa = PBXGroup;
			children = (
				3235CFDF2F8520EF00AF7615 /* Token.h */,
				3235CFE82F8521CF00AF7615 /* Lexer.h */,
				3235CFE92F8521EE00AF7615 /* Lexer.cpp */,
			);
			path = lexer;
			sourceTree = "<group>";
		};
		3235CFF52F85262C00AF7615 /* parser */ = {
			isa = PBXGroup;
			children = (
				3235CFEB2F85221200AF7615 /* Parser.h */,
				3235CFEC2F85222000AF7615 /* Parser.cpp */,
			);
			path = parser;
			sourceTree = "<group>";
		};
		3235CFF62F85267700AF7615 /* app */ = {
			isa = PBXGroup;
			children = (
				3235D0132F87836A00AF7615 /* FormulaAnalyzer.h */,
				3235D0142F87838500AF7615 /* FormulaAnalyzer.cpp */,
				3235D0162F99F1C800AF7615 /* AnalysisResult.h */,
				3235D0172F99F1E900AF7615 /* AnalysisResult.cpp */,
			);
			path = app;
			sourceTree = "<group>";
		};
/* End PBXGroup section */

/* Begin PBXNativeTarget section */
		3235CFCE2F85163E00AF7615 /* lois lab1 */ = {
			isa = PBXNativeTarget;
			buildConfigurationList = 3235CFD62F85163F00AF7615 /* Build configuration list for PBXNativeTarget "lois lab1" */;
			buildPhases = (
				3235CFCB2F85163E00AF7615 /* Sources */,
				3235CFCC2F85163E00AF7615 /* Frameworks */,
				3235CFCD2F85163E00AF7615 /* CopyFiles */,
			);
			buildRules = (
			);
			dependencies = (
			);
			name = "lois lab1";
			productName = "lois lab1";
			productReference = 3235CFCF2F85163E00AF7615 /* lois lab1 */;
			productType = "com.apple.product-type.tool";
		};
/* End PBXNativeTarget section */

/* Begin PBXProject section */
		3235CFC72F85163E00AF7615 /* Project object */ = {
			isa = PBXProject;
			attributes = {
				BuildIndependentTargetsInParallel = 1;
				LastUpgradeCheck = 1540;
				TargetAttributes = {
					3235CFCE2F85163E00AF7615 = {
						CreatedOnToolsVersion = 15.4;
					};
				};
			};
			buildConfigurationList = 3235CFCA2F85163E00AF7615 /* Build configuration list for PBXProject "lois lab1" */;
			compatibilityVersion = "Xcode 14.0";
			developmentRegion = en;
			hasScannedForEncodings = 0;
			knownRegions = (
				en,
				Base,
			);
			mainGroup = 3235CFC62F85163E00AF7615;
			productRefGroup = 3235CFD02F85163F00AF7615 /* Products */;
			projectDirPath = "";
			projectRoot = "";
			targets = (
				3235CFCE2F85163E00AF7615 /* lois lab1 */,
			);
		};
/* End PBXProject section */

/* Begin PBXSourcesBuildPhase section */
		3235CFCB2F85163E00AF7615 /* Sources */ = {
			isa = PBXSourcesBuildPhase;
			buildActionMask = 2147483647;
			files = (
				3235D00F2F877E6500AF7615 /* TableauSolver.cpp in Sources */,
				3235CFE52F85217E00AF7615 /* FormulaPrinter.cpp in Sources */,
				3235D0182F99F1E900AF7615 /* AnalysisResult.cpp in Sources */,
				3235D0152F87838500AF7615 /* FormulaAnalyzer.cpp in Sources */,
				3235D0032F877D3600AF7615 /* Branch.cpp in Sources */,
				3235CFE22F85214200AF7615 /* FormulaNode.cpp in Sources */,
				3235CFFA2F877C6200AF7615 /* SignedFormula.cpp in Sources */,
				3235D00A2F877DFE00AF7615 /* SolveResult.cpp in Sources */,
				3235D0072F877DB300AF7615 /* RuleEngine.cpp in Sources */,
				3235CFEA2F8521EE00AF7615 /* Lexer.cpp in Sources */,
				3235D0122F87827200AF7615 /* FormulaVariableCollector.cpp in Sources */,
				3235CFFE2F877CAC00AF7615 /* RuleApplicationResult.cpp in Sources */,
				3235CFEE2F85222000AF7615 /* Parser.cpp in Sources */,
				3235CFD32F85163F00AF7615 /* main.cpp in Sources */,
			);
			runOnlyForDeploymentPostprocessing = 0;
		};
/* End PBXSourcesBuildPhase section */

/* Begin XCBuildConfiguration section */
		3235CFD42F85163F00AF7615 /* Debug */ = {
			isa = XCBuildConfiguration;
			buildSettings = {
				ALWAYS_SEARCH_USER_PATHS = NO;
				ASSETCATALOG_COMPILER_GENERATE_SWIFT_ASSET_SYMBOL_EXTENSIONS = YES;
				CLANG_ANALYZER_NONNULL = YES;
				CLANG_ANALYZER_NUMBER_OBJECT_CONVERSION = YES_AGGRESSIVE;
				CLANG_CXX_LANGUAGE_STANDARD = "gnu++20";
				CLANG_ENABLE_MODULES = YES;
				CLANG_ENABLE_OBJC_ARC = YES;
				CLANG_ENABLE_OBJC_WEAK = YES;
				CLANG_WARN_BLOCK_CAPTURE_AUTORELEASING = YES;
				CLANG_WARN_BOOL_CONVERSION = YES;
				CLANG_WARN_COMMA = YES;
				CLANG_WARN_CONSTANT_CONVERSION = YES;
				CLANG_WARN_DEPRECATED_OBJC_IMPLEMENTATIONS = YES;
				CLANG_WARN_DIRECT_OBJC_ISA_USAGE = YES_ERROR;
				CLANG_WARN_DOCUMENTATION_COMMENTS = YES;
				CLANG_WARN_EMPTY_BODY = YES;
				CLANG_WARN_ENUM_CONVERSION = YES;
				CLANG_WARN_INFINITE_RECURSION = YES;
				CLANG_WARN_INT_CONVERSION = YES;
				CLANG_WARN_NON_LITERAL_NULL_CONVERSION = YES;
				CLANG_WARN_OBJC_IMPLICIT_RETAIN_SELF = YES;
				CLANG_WARN_OBJC_LITERAL_CONVERSION = YES;
				CLANG_WARN_OBJC_ROOT_CLASS = YES_ERROR;
				CLANG_WARN_QUOTED_INCLUDE_IN_FRAMEWORK_HEADER = YES;
				CLANG_WARN_RANGE_LOOP_ANALYSIS = YES;
				CLANG_WARN_STRICT_PROTOTYPES = YES;
				CLANG_WARN_SUSPICIOUS_MOVE = YES;
				CLANG_WARN_UNGUARDED_AVAILABILITY = YES_AGGRESSIVE;
				CLANG_WARN_UNREACHABLE_CODE = YES;
				CLANG_WARN__DUPLICATE_METHOD_MATCH = YES;
				COPY_PHASE_STRIP = NO;
				DEBUG_INFORMATION_FORMAT = dwarf;
				ENABLE_STRICT_OBJC_MSGSEND = YES;
				ENABLE_TESTABILITY = YES;
				ENABLE_USER_SCRIPT_SANDBOXING = YES;
				GCC_C_LANGUAGE_STANDARD = gnu17;
				GCC_DYNAMIC_NO_PIC = NO;
				GCC_NO_COMMON_BLOCKS = YES;
				GCC_OPTIMIZATION_LEVEL = 0;
				GCC_PREPROCESSOR_DEFINITIONS = (
					"DEBUG=1",
					"$(inherited)",
				);
				GCC_WARN_64_TO_32_BIT_CONVERSION = YES;
				GCC_WARN_ABOUT_RETURN_TYPE = YES_ERROR;
				GCC_WARN_UNDECLARED_SELECTOR = YES;
				GCC_WARN_UNINITIALIZED_AUTOS = YES_AGGRESSIVE;
				GCC_WARN_UNUSED_FUNCTION = YES;
				GCC_WARN_UNUSED_VARIABLE = YES;
				LOCALIZATION_PREFERS_STRING_CATALOGS = YES;
				MACOSX_DEPLOYMENT_TARGET = 14.5;
				MTL_ENABLE_DEBUG_INFO = INCLUDE_SOURCE;
				MTL_FAST_MATH = YES;
				ONLY_ACTIVE_ARCH = YES;
				SDKROOT = macosx;
			};
			name = Debug;
		};
		3235CFD52F85163F00AF7615 /* Release */ = {
			isa = XCBuildConfiguration;
			buildSettings = {
				ALWAYS_SEARCH_USER_PATHS = NO;
				ASSETCATALOG_COMPILER_GENERATE_SWIFT_ASSET_SYMBOL_EXTENSIONS = YES;
				CLANG_ANALYZER_NONNULL = YES;
				CLANG_ANALYZER_NUMBER_OBJECT_CONVERSION = YES_AGGRESSIVE;
				CLANG_CXX_LANGUAGE_STANDARD = "gnu++20";
				CLANG_ENABLE_MODULES = YES;
				CLANG_ENABLE_OBJC_ARC = YES;
				CLANG_ENABLE_OBJC_WEAK = YES;
				CLANG_WARN_BLOCK_CAPTURE_AUTORELEASING = YES;
				CLANG_WARN_BOOL_CONVERSION = YES;
				CLANG_WARN_COMMA = YES;
				CLANG_WARN_CONSTANT_CONVERSION = YES;
				CLANG_WARN_DEPRECATED_OBJC_IMPLEMENTATIONS = YES;
				CLANG_WARN_DIRECT_OBJC_ISA_USAGE = YES_ERROR;
				CLANG_WARN_DOCUMENTATION_COMMENTS = YES;
				CLANG_WARN_EMPTY_BODY = YES;
				CLANG_WARN_ENUM_CONVERSION = YES;
				CLANG_WARN_INFINITE_RECURSION = YES;
				CLANG_WARN_INT_CONVERSION = YES;
				CLANG_WARN_NON_LITERAL_NULL_CONVERSION = YES;
				CLANG_WARN_OBJC_IMPLICIT_RETAIN_SELF = YES;
				CLANG_WARN_OBJC_LITERAL_CONVERSION = YES;
				CLANG_WARN_OBJC_ROOT_CLASS = YES_ERROR;
				CLANG_WARN_QUOTED_INCLUDE_IN_FRAMEWORK_HEADER = YES;
				CLANG_WARN_RANGE_LOOP_ANALYSIS = YES;
				CLANG_WARN_STRICT_PROTOTYPES = YES;
				CLANG_WARN_SUSPICIOUS_MOVE = YES;
				CLANG_WARN_UNGUARDED_AVAILABILITY = YES_AGGRESSIVE;
				CLANG_WARN_UNREACHABLE_CODE = YES;
				CLANG_WARN__DUPLICATE_METHOD_MATCH = YES;
				COPY_PHASE_STRIP = NO;
				DEBUG_INFORMATION_FORMAT = "dwarf-with-dsym";
				ENABLE_NS_ASSERTIONS = NO;
				ENABLE_STRICT_OBJC_MSGSEND = YES;
				ENABLE_USER_SCRIPT_SANDBOXING = YES;
				GCC_C_LANGUAGE_STANDARD = gnu17;
				GCC_NO_COMMON_BLOCKS = YES;
				GCC_WARN_64_TO_32_BIT_CONVERSION = YES;
				GCC_WARN_ABOUT_RETURN_TYPE = YES_ERROR;
				GCC_WARN_UNDECLARED_SELECTOR = YES;
				GCC_WARN_UNINITIALIZED_AUTOS = YES_AGGRESSIVE;
				GCC_WARN_UNUSED_FUNCTION = YES;
				GCC_WARN_UNUSED_VARIABLE = YES;
				LOCALIZATION_PREFERS_STRING_CATALOGS = YES;
				MACOSX_DEPLOYMENT_TARGET = 14.5;
				MTL_ENABLE_DEBUG_INFO = NO;
				MTL_FAST_MATH = YES;
				SDKROOT = macosx;
			};
			name = Release;
		};
		3235CFD72F85163F00AF7615 /* Debug */ = {
			isa = XCBuildConfiguration;
			buildSettings = {
				CODE_SIGN_STYLE = Automatic;
				PRODUCT_NAME = "$(TARGET_NAME)";
			};
			name = Debug;
		};
		3235CFD82F85163F00AF7615 /* Release */ = {
			isa = XCBuildConfiguration;
			buildSettings = {
				CODE_SIGN_STYLE = Automatic;
				PRODUCT_NAME = "$(TARGET_NAME)";
			};
			name = Release;
		};
/* End XCBuildConfiguration section */

/* Begin XCConfigurationList section */
		3235CFCA2F85163E00AF7615 /* Build configuration list for PBXProject "lois lab1" */ = {
			isa = XCConfigurationList;
			buildConfigurations = (
				3235CFD42F85163F00AF7615 /* Debug */,
				3235CFD52F85163F00AF7615 /* Release */,
			);
			defaultConfigurationIsVisible = 0;
			defaultConfigurationName = Release;
		};
		3235CFD62F85163F00AF7615 /* Build configuration list for PBXNativeTarget "lois lab1" */ = {
			isa = XCConfigurationList;
			buildConfigurations = (
				3235CFD72F85163F00AF7615 /* Debug */,
				3235CFD82F85163F00AF7615 /* Release */,
			);
			defaultConfigurationIsVisible = 0;
			defaultConfigurationName = Release;
		};
/* End XCConfigurationList section */
	};
	rootObject = 3235CFC72F85163E00AF7615 /* Project object */;
}
